{
  "name": "salesforce_api",
  "lockfileVersion": 3,
  "requires": true,
  "packages": {
    "": {
      "devDependencies": {
        "prettier-plugin-sort-json": "^4.1.1"
      }
    },
    "node_modules/prettier": {
      "version": "3.5.3",
      "resolved": "https://registry.npmjs.org/prettier/-/prettier-3.5.3.tgz",
      "integrity": "sha512-QQtaxnoDJeAkDvDKWCLiwIXkTgRhwYDEQCghU9Z6q03iyek/rxRh/2lC3HB7P8sWT2xC/y5JDctPLBIGzHKbhw==",
      "dev": true,
      "license": "MIT",
      "peer": true,
      "bin": {
        "prettier": "bin/prettier.cjs"
      },
      "engines": {
        "node": ">=14"
      },
      "funding": {
        "url": "https://github.com/prettier/prettier?sponsor=1"
      }
    },
    "node_modules/prettier-plugin-sort-json": {
      "version": "4.1.1",
      "resolved": "https://registry.npmjs.org/prettier-plugin-sort-json/-/prettier-plugin-sort-json-4.1.1.tgz",
      "integrity": "sha512-uJ49wCzwJ/foKKV4tIPxqi4jFFvwUzw4oACMRG2dcmDhBKrxBv0L2wSKkAqHCmxKCvj0xcCZS4jO2kSJO/tRJw==",
      "dev": true,
      "license": "MIT",
      "engines": {
        "node": ">=18.0.0"
      },
      "peerDependencies": {
        "prettier": "^3.0.0"
      }
    }
  }
}
