# generated by rye
# use `rye lock` or `rye sync` to update this lockfile
#
# last locked with the following flags:
#   pre: false
#   features: []
#   all-features: false
#   with-sources: false
#   generate-hashes: false
#   universal: false

-e file:.
annotated-types==0.7.0
    # via pydantic
attrs==25.3.0
    # via zeep
certifi==2025.6.15
    # via requests
cffi==1.17.1
    # via cryptography
charset-normalizer==3.4.2
    # via requests
coverage==7.9.1
    # via pytest-cov
cryptography==45.0.4
    # via pyjwt
idna==3.10
    # via requests
iniconfig==2.1.0
    # via pytest
isodate==0.7.2
    # via zeep
lxml==5.4.0
    # via zeep
more-itertools==10.7.0
    # via simple-salesforce
mypy==1.16.1
mypy-extensions==1.1.0
    # via mypy
numpy==2.3.1
    # via pandas
    # via pandas-stubs
packaging==25.0
    # via pytest
pandas==2.3.0
    # via salesforce-api
pandas-stubs==2.2.3.250527
pathspec==0.12.1
    # via mypy
platformdirs==4.3.8
    # via zeep
pluggy==1.6.0
    # via pytest
    # via pytest-cov
pycparser==2.22
    # via cffi
pydantic==2.11.7
    # via salesforce-api
pydantic-core==2.33.2
    # via pydantic
pygments==2.19.1
    # via pytest
pyjwt==2.10.1
    # via simple-salesforce
pytest==8.4.1
    # via pytest-cov
    # via pytest-mock
pytest-cov==6.2.1
pytest-mock==3.14.1
python-dateutil==2.9.0.post0
    # via pandas
pytz==2025.2
    # via pandas
    # via zeep
requests==2.32.4
    # via requests-file
    # via requests-toolbelt
    # via salesforce-api
    # via simple-salesforce
    # via zeep
requests-file==2.1.0
    # via zeep
requests-toolbelt==1.0.0
    # via zeep
ruff==0.12.0
simple-salesforce==1.12.6
    # via salesforce-api
six==1.17.0
    # via python-dateutil
types-pytz==2025.2.0.20250516
    # via pandas-stubs
types-requests==2.32.4.20250611
typing-extensions==4.14.0
    # via mypy
    # via pydantic
    # via pydantic-core
    # via simple-salesforce
    # via typing-inspection
typing-inspection==0.4.1
    # via pydantic
tzdata==2025.2
    # via pandas
urllib3==2.5.0
    # via requests
    # via types-requests
zeep==4.3.1
    # via simple-salesforce
